
Microsoft Visual Studio Solution File, Format Version 12.00
# Visual Studio Version 16
VisualStudioVersion = 16.0.31112.23
MinimumVisualStudioVersion = 10.0.40219.1
Project("{FAE04EC0-301F-11D3-BF4B-00C04F79EFBC}") = "1.Estrucutra.de.decision", "1.Estrucutra.de.decision.csproj", "{4882D192-F481-48D4-A7ED-7E11425462E1}"
EndProject
Project("{FAE04EC0-301F-11D3-BF4B-00C04F79EFBC}") = "2.Estructuras.de.decision.(bis)", "..\2.Estructuras.de.decision.(bis)\2.Estructuras.de.decision.(bis).csproj", "{C096DFD9-96EE-4355-99C1-67D0F79B5D0A}"
EndProject
Project("{FAE04EC0-301F-11D3-BF4B-00C04F79EFBC}") = "3. Estructuras de iteración", "..\3. Estructuras de iteración\3. Estructuras de iteración.csproj", "{562DD7E5-A387-4F08-862D-9A2C1EFF95C4}"
EndProject
Project("{FAE04EC0-301F-11D3-BF4B-00C04F79EFBC}") = "4. Ejercicios para Pensar", "..\4. Ejercicios para Pensar\4. Ejercicios para Pensar.csproj", "{6B294FA1-2608-41DA-9E01-0E21F3177A81}"
EndProject
Global
	GlobalSection(SolutionConfigurationPlatforms) = preSolution
		Debug|Any CPU = Debug|Any CPU
		Release|Any CPU = Release|Any CPU
	EndGlobalSection
	GlobalSection(ProjectConfigurationPlatforms) = postSolution
		{4882D192-F481-48D4-A7ED-7E11425462E1}.Debug|Any CPU.ActiveCfg = Debug|Any CPU
		{4882D192-F481-48D4-A7ED-7E11425462E1}.Debug|Any CPU.Build.0 = Debug|Any CPU
		{4882D192-F481-48D4-A7ED-7E11425462E1}.Release|Any CPU.ActiveCfg = Release|Any CPU
		{4882D192-F481-48D4-A7ED-7E11425462E1}.Release|Any CPU.Build.0 = Release|Any CPU
		{C096DFD9-96EE-4355-99C1-67D0F79B5D0A}.Debug|Any CPU.ActiveCfg = Debug|Any CPU
		{C096DFD9-96EE-4355-99C1-67D0F79B5D0A}.Debug|Any CPU.Build.0 = Debug|Any CPU
		{C096DFD9-96EE-4355-99C1-67D0F79B5D0A}.Release|Any CPU.ActiveCfg = Release|Any CPU
		{C096DFD9-96EE-4355-99C1-67D0F79B5D0A}.Release|Any CPU.Build.0 = Release|Any CPU
		{562DD7E5-A387-4F08-862D-9A2C1EFF95C4}.Debug|Any CPU.ActiveCfg = Debug|Any CPU
		{562DD7E5-A387-4F08-862D-9A2C1EFF95C4}.Debug|Any CPU.Build.0 = Debug|Any CPU
		{562DD7E5-A387-4F08-862D-9A2C1EFF95C4}.Release|Any CPU.ActiveCfg = Release|Any CPU
		{562DD7E5-A387-4F08-862D-9A2C1EFF95C4}.Release|Any CPU.Build.0 = Release|Any CPU
		{6B294FA1-2608-41DA-9E01-0E21F3177A81}.Debug|Any CPU.ActiveCfg = Debug|Any CPU
		{6B294FA1-2608-41DA-9E01-0E21F3177A81}.Debug|Any CPU.Build.0 = Debug|Any CPU
		{6B294FA1-2608-41DA-9E01-0E21F3177A81}.Release|Any CPU.ActiveCfg = Release|Any CPU
		{6B294FA1-2608-41DA-9E01-0E21F3177A81}.Release|Any CPU.Build.0 = Release|Any CPU
	EndGlobalSection
	GlobalSection(SolutionProperties) = preSolution
		HideSolutionNode = FALSE
	EndGlobalSection
	GlobalSection(ExtensibilityGlobals) = postSolution
		SolutionGuid = {9432FEB6-100F-4274-9677-1B1F9927052A}
	EndGlobalSection
EndGlobal
